// !$*UTF8*$!
{
	archiveVersion = 1;
	classes = {
	};
	objectVersion = 56;
	objects = {

/* Begin PBXBuildFile section */
		DEA5A4782A75083200ED89BD /* AppDelegate.swift in Sources */ = {isa = PBXBuildFile; fileRef = DEA5A4772A75083200ED89BD /* AppDelegate.swift */; };
		DEA5A47A2A75083200ED89BD /* SceneDelegate.swift in Sources */ = {isa = PBXBuildFile; fileRef = DEA5A4792A75083200ED89BD /* SceneDelegate.swift */; };
		DEA5A47C2A75083200ED89BD /* ViewController.swift in Sources */ = {isa = PBXBuildFile; fileRef = DEA5A47B2A75083200ED89BD /* ViewController.swift */; };
		DEA5A47F2A75083200ED89BD /* Main.storyboard in Resources */ = {isa = PBXBuildFile; fileRef = DEA5A47D2A75083200ED89BD /* Main.storyboard */; };
		DEA5A4812A75083200ED89BD /* Assets.xcassets in Resources */ = {isa = PBXBuildFile; fileRef = DEA5A4802A75083200ED89BD /* Assets.xcassets */; };
		DEA5A4842A75083200ED89BD /* LaunchScreen.storyboard in Resources */ = {isa = PBXBuildFile; fileRef = DEA5A4822A75083200ED89BD /* LaunchScreen.storyboard */; };
		DEA5A48F2A7509A200ED89BD /* Movie.swift in Sources */ = {isa = PBXBuildFile; fileRef = DEA5A48E2A7509A200ED89BD /* Movie.swift */; };
		DEA5A4912A7509C700ED89BD /* MovieInfo.swift in Sources */ = {isa = PBXBuildFile; fileRef = DEA5A4902A7509C700ED89BD /* MovieInfo.swift */; };
		DEA5A4932A750E5200ED89BD /* MovieCell.swift in Sources */ = {isa = PBXBuildFile; fileRef = DEA5A4922A750E5200ED89BD /* MovieCell.swift */; };
/* End PBXBuildFile section */

/* Begin PBXFileReference section */
		DEA5A4742A75083200ED89BD /* TableViewPtactice0728.app */ = {isa = PBXFileReference; explicitFileType = wrapper.application; includeInIndex = 0; path = TableViewPtactice0728.app; sourceTree = BUILT_PRODUCTS_DIR; };
		DEA5A4772A75083200ED89BD /* AppDelegate.swift */ = {isa = PBXFileReference; lastKnownFileType = sourcecode.swift; path = AppDelegate.swift; sourceTree = "<group>"; };
		DEA5A4792A75083200ED89BD /* SceneDelegate.swift */ = {isa = PBXFileReference; lastKnownFileType = sourcecode.swift; path = SceneDelegate.swift; sourceTree = "<group>"; };
		DEA5A47B2A75083200ED89BD /* ViewController.swift */ = {isa = PBXFileReference; lastKnownFileType = sourcecode.swift; path = ViewController.swift; sourceTree = "<group>"; };
		DEA5A47E2A75083200ED89BD /* Base */ = {isa = PBXFileReference; lastKnownFileType = file.storyboard; name = Base; path = Base.lproj/Main.storyboard; sourceTree = "<group>"; };
		DEA5A4802A75083200ED89BD /* Assets.xcassets */ = {isa = PBXFileReference; lastKnownFileType = folder.assetcatalog; path = Assets.xcassets; sourceTree = "<group>"; };
		DEA5A4832A75083200ED89BD /* Base */ = {isa = PBXFileReference; lastKnownFileType = file.storyboard; name = Base; path = Base.lproj/LaunchScreen.storyboard; sourceTree = "<group>"; };
		DEA5A4852A75083200ED89BD /* Info.plist */ = {isa = PBXFileReference; lastKnownFileType = text.plist.xml; path = Info.plist; sourceTree = "<group>"; };
		DEA5A48E2A7509A200ED89BD /* Movie.swift */ = {isa = PBXFileReference; lastKnownFileType = sourcecode.swift; path = Movie.swift; sourceTree = "<group>"; };
		DEA5A4902A7509C700ED89BD /* MovieInfo.swift */ = {isa = PBXFileReference; lastKnownFileType = sourcecode.swift; path = MovieInfo.swift; sourceTree = "<group>"; };
		DEA5A4922A750E5200ED89BD /* MovieCell.swift */ = {isa = PBXFileReference; lastKnownFileType = sourcecode.swift; path = MovieCell.swift; sourceTree = "<group>"; };
/* End PBXFileReference section */

/* Begin PBXFrameworksBuildPhase section */
		DEA5A4712A75083200ED89BD /* Frameworks */ = {
			isa = PBXFrameworksBuildPhase;
			buildActionMask = 2147483647;
			files = (
			);
			runOnlyForDeploymentPostprocessing = 0;
		};
/* End PBXFrameworksBuildPhase section */

/* Begin PBXGroup section */
		DEA5A46B2A75083200ED89BD = {
			isa = PBXGroup;
			children = (
				DEA5A4762A75083200ED89BD /* TableViewPtactice0728 */,
				DEA5A4752A75083200ED89BD /* Products */,
			);
			sourceTree = "<group>";
		};
		DEA5A4752A75083200ED89BD /* Products */ = {
			isa = PBXGroup;
			children = (
				DEA5A4742A75083200ED89BD /* TableViewPtactice0728.app */,
			);
			name = Products;
			sourceTree = "<group>";
		};
		DEA5A4762A75083200ED89BD /* TableViewPtactice0728 */ = {
			isa = PBXGroup;
			children = (
				DEA5A4772A75083200ED89BD /* AppDelegate.swift */,
				DEA5A4792A75083200ED89BD /* SceneDelegate.swift */,
				DEA5A48C2A75097A00ED89BD /* Models */,
				DEA5A48B2A75096A00ED89BD /* View */,
				DEA5A48D2A75098600ED89BD /* Controllers */,
				DEA5A4802A75083200ED89BD /* Assets.xcassets */,
				DEA5A4822A75083200ED89BD /* LaunchScreen.storyboard */,
				DEA5A4852A75083200ED89BD /* Info.plist */,
			);
			path = TableViewPtactice0728;
			sourceTree = "<group>";
		};
		DEA5A48B2A75096A00ED89BD /* View */ = {
			isa = PBXGroup;
			children = (
				DEA5A47D2A75083200ED89BD /* Main.storyboard */,
				DEA5A4922A750E5200ED89BD /* MovieCell.swift */,
			);
			path = View;
			sourceTree = "<group>";
		};
		DEA5A48C2A75097A00ED89BD /* Models */ = {
			isa = PBXGroup;
			children = (
				DEA5A48E2A7509A200ED89BD /* Movie.swift */,
				DEA5A4902A7509C700ED89BD /* MovieInfo.swift */,
			);
			path = Models;
			sourceTree = "<group>";
		};
		DEA5A48D2A75098600ED89BD /* Controllers */ = {
			isa = PBXGroup;
			children = (
				DEA5A47B2A75083200ED89BD /* ViewController.swift */,
			);
			path = Controllers;
			sourceTree = "<group>";
		};
/* End PBXGroup section */

/* Begin PBXNativeTarget section */
		DEA5A4732A75083200ED89BD /* TableViewPtactice0728 */ = {
			isa = PBXNativeTarget;
			buildConfigurationList = DEA5A4882A75083200ED89BD /* Build configuration list for PBXNativeTarget "TableViewPtactice0728" */;
			buildPhases = (
				DEA5A4702A75083200ED89BD /* Sources */,
				DEA5A4712A75083200ED89BD /* Frameworks */,
				DEA5A4722A75083200ED89BD /* Resources */,
			);
			buildRules = (
			);
			dependencies = (
			);
			name = TableViewPtactice0728;
			productName = TableViewPtactice0728;
			productReference = DEA5A4742A75083200ED89BD /* TableViewPtactice0728.app */;
			productType = "com.apple.product-type.application";
		};
/* End PBXNativeTarget section */

/* Begin PBXProject section */
		DEA5A46C2A75083200ED89BD /* Project object */ = {
			isa = PBXProject;
			attributes = {
				BuildIndependentTargetsInParallel = 1;
				LastSwiftUpdateCheck = 1430;
				LastUpgradeCheck = 1430;
				TargetAttributes = {
					DEA5A4732A75083200ED89BD = {
						CreatedOnToolsVersion = 14.3.1;
					};
				};
			};
			buildConfigurationList = DEA5A46F2A75083200ED89BD /* Build configuration list for PBXProject "TableViewPtactice0728" */;
			compatibilityVersion = "Xcode 14.0";
			developmentRegion = en;
			hasScannedForEncodings = 0;
			knownRegions = (
				en,
				Base,
			);
			mainGroup = DEA5A46B2A75083200ED89BD;
			productRefGroup = DEA5A4752A75083200ED89BD /* Products */;
			projectDirPath = "";
			projectRoot = "";
			targets = (
				DEA5A4732A75083200ED89BD /* TableViewPtactice0728 */,
			);
		};
/* End PBXProject section */

/* Begin PBXResourcesBuildPhase section */
		DEA5A4722A75083200ED89BD /* Resources */ = {
			isa = PBXResourcesBuildPhase;
			buildActionMask = 2147483647;
			files = (
				DEA5A4842A75083200ED89BD /* LaunchScreen.storyboard in Resources */,
				DEA5A4812A75083200ED89BD /* Assets.xcassets in Resources */,
				DEA5A47F2A75083200ED89BD /* Main.storyboard in Resources */,
			);
			runOnlyForDeploymentPostprocessing = 0;
		};
/* End PBXResourcesBuildPhase section */

/* Begin PBXSourcesBuildPhase section */
		DEA5A4702A75083200ED89BD /* Sources */ = {
			isa = PBXSourcesBuildPhase;
			buildActionMask = 2147483647;
			files = (
				DEA5A47C2A75083200ED89BD /* ViewController.swift in Sources */,
				DEA5A4912A7509C700ED89BD /* MovieInfo.swift in Sources */,
				DEA5A4932A750E5200ED89BD /* MovieCell.swift in Sources */,
				DEA5A4782A75083200ED89BD /* AppDelegate.swift in Sources */,
				DEA5A48F2A7509A200ED89BD /* Movie.swift in Sources */,
				DEA5A47A2A75083200ED89BD /* SceneDelegate.swift in Sources */,
			);
			runOnlyForDeploymentPostprocessing = 0;
		};
/* End PBXSourcesBuildPhase section */

/* Begin PBXVariantGroup section */
		DEA5A47D2A75083200ED89BD /* Main.storyboard */ = {
			isa = PBXVariantGroup;
			children = (
				DEA5A47E2A75083200ED89BD /* Base */,
			);
			name = Main.storyboard;
			sourceTree = "<group>";
		};
		DEA5A4822A75083200ED89BD /* LaunchScreen.storyboard */ = {
			isa = PBXVariantGroup;
			children = (
				DEA5A4832A75083200ED89BD /* Base */,
			);
			name = LaunchScreen.storyboard;
			sourceTree = "<group>";
		};
/* End PBXVariantGroup section */

/* Begin XCBuildConfiguration section */
		DEA5A4862A75083200ED89BD /* Debug */ = {
			isa = XCBuildConfiguration;
			buildSettings = {
				ALWAYS_SEARCH_USER_PATHS = NO;
				CLANG_ANALYZER_NONNULL = YES;
				CLANG_ANALYZER_NUMBER_OBJECT_CONVERSION = YES_AGGRESSIVE;
				CLANG_CXX_LANGUAGE_STANDARD = "gnu++20";
				CLANG_ENABLE_MODULES = YES;
				CLANG_ENABLE_OBJC_ARC = YES;
				CLANG_ENABLE_OBJC_WEAK = YES;
				CLANG_WARN_BLOCK_CAPTURE_AUTORELEASING = YES;
				CLANG_WARN_BOOL_CONVERSION = YES;
				CLANG_WARN_COMMA = YES;
				CLANG_WARN_CONSTANT_CONVERSION = YES;
				CLANG_WARN_DEPRECATED_OBJC_IMPLEMENTATIONS = YES;
				CLANG_WARN_DIRECT_OBJC_ISA_USAGE = YES_ERROR;
				CLANG_WARN_DOCUMENTATION_COMMENTS = YES;
				CLANG_WARN_EMPTY_BODY = YES;
				CLANG_WARN_ENUM_CONVERSION = YES;
				CLANG_WARN_INFINITE_RECURSION = YES;
				CLANG_WARN_INT_CONVERSION = YES;
				CLANG_WARN_NON_LITERAL_NULL_CONVERSION = YES;
				CLANG_WARN_OBJC_IMPLICIT_RETAIN_SELF = YES;
				CLANG_WARN_OBJC_LITERAL_CONVERSION = YES;
				CLANG_WARN_OBJC_ROOT_CLASS = YES_ERROR;
				CLANG_WARN_QUOTED_INCLUDE_IN_FRAMEWORK_HEADER = YES;
				CLANG_WARN_RANGE_LOOP_ANALYSIS = YES;
				CLANG_WARN_STRICT_PROTOTYPES = YES;
				CLANG_WARN_SUSPICIOUS_MOVE = YES;
				CLANG_WARN_UNGUARDED_AVAILABILITY = YES_AGGRESSIVE;
				CLANG_WARN_UNREACHABLE_CODE = YES;
				CLANG_WARN__DUPLICATE_METHOD_MATCH = YES;
				COPY_PHASE_STRIP = NO;
				DEBUG_INFORMATION_FORMAT = dwarf;
				ENABLE_STRICT_OBJC_MSGSEND = YES;
				ENABLE_TESTABILITY = YES;
				GCC_C_LANGUAGE_STANDARD = gnu11;
				GCC_DYNAMIC_NO_PIC = NO;
				GCC_NO_COMMON_BLOCKS = YES;
				GCC_OPTIMIZATION_LEVEL = 0;
				GCC_PREPROCESSOR_DEFINITIONS = (
					"DEBUG=1",
					"$(inherited)",
				);
				GCC_WARN_64_TO_32_BIT_CONVERSION = YES;
				GCC_WARN_ABOUT_RETURN_TYPE = YES_ERROR;
				GCC_WARN_UNDECLARED_SELECTOR = YES;
				GCC_WARN_UNINITIALIZED_AUTOS = YES_AGGRESSIVE;
				GCC_WARN_UNUSED_FUNCTION = YES;
				GCC_WARN_UNUSED_VARIABLE = YES;
				IPHONEOS_DEPLOYMENT_TARGET = 16.4;
				MTL_ENABLE_DEBUG_INFO = INCLUDE_SOURCE;
				MTL_FAST_MATH = YES;
				ONLY_ACTIVE_ARCH = YES;
				SDKROOT = iphoneos;
				SWIFT_ACTIVE_COMPILATION_CONDITIONS = DEBUG;
				SWIFT_OPTIMIZATION_LEVEL = "-Onone";
			};
			name = Debug;
		};
		DEA5A4872A75083200ED89BD /* Release */ = {
			isa = XCBuildConfiguration;
			buildSettings = {
				ALWAYS_SEARCH_USER_PATHS = NO;
				CLANG_ANALYZER_NONNULL = YES;
				CLANG_ANALYZER_NUMBER_OBJECT_CONVERSION = YES_AGGRESSIVE;
				CLANG_CXX_LANGUAGE_STANDARD = "gnu++20";
				CLANG_ENABLE_MODULES = YES;
				CLANG_ENABLE_OBJC_ARC = YES;
				CLANG_ENABLE_OBJC_WEAK = YES;
				CLANG_WARN_BLOCK_CAPTURE_AUTORELEASING = YES;
				CLANG_WARN_BOOL_CONVERSION = YES;
				CLANG_WARN_COMMA = YES;
				CLANG_WARN_CONSTANT_CONVERSION = YES;
				CLANG_WARN_DEPRECATED_OBJC_IMPLEMENTATIONS = YES;
				CLANG_WARN_DIRECT_OBJC_ISA_USAGE = YES_ERROR;
				CLANG_WARN_DOCUMENTATION_COMMENTS = YES;
				CLANG_WARN_EMPTY_BODY = YES;
				CLANG_WARN_ENUM_CONVERSION = YES;
				CLANG_WARN_INFINITE_RECURSION = YES;
				CLANG_WARN_INT_CONVERSION = YES;
				CLANG_WARN_NON_LITERAL_NULL_CONVERSION = YES;
				CLANG_WARN_OBJC_IMPLICIT_RETAIN_SELF = YES;
				CLANG_WARN_OBJC_LITERAL_CONVERSION = YES;
				CLANG_WARN_OBJC_ROOT_CLASS = YES_ERROR;
				CLANG_WARN_QUOTED_INCLUDE_IN_FRAMEWORK_HEADER = YES;
				CLANG_WARN_RANGE_LOOP_ANALYSIS = YES;
				CLANG_WARN_STRICT_PROTOTYPES = YES;
				CLANG_WARN_SUSPICIOUS_MOVE = YES;
				CLANG_WARN_UNGUARDED_AVAILABILITY = YES_AGGRESSIVE;
				CLANG_WARN_UNREACHABLE_CODE = YES;
				CLANG_WARN__DUPLICATE_METHOD_MATCH = YES;
				COPY_PHASE_STRIP = NO;
				DEBUG_INFORMATION_FORMAT = "dwarf-with-dsym";
				ENABLE_NS_ASSERTIONS = NO;
				ENABLE_STRICT_OBJC_MSGSEND = YES;
				GCC_C_LANGUAGE_STANDARD = gnu11;
				GCC_NO_COMMON_BLOCKS = YES;
				GCC_WARN_64_TO_32_BIT_CONVERSION = YES;
				GCC_WARN_ABOUT_RETURN_TYPE = YES_ERROR;
				GCC_WARN_UNDECLARED_SELECTOR = YES;
				GCC_WARN_UNINITIALIZED_AUTOS = YES_AGGRESSIVE;
				GCC_WARN_UNUSED_FUNCTION = YES;
				GCC_WARN_UNUSED_VARIABLE = YES;
				IPHONEOS_DEPLOYMENT_TARGET = 16.4;
				MTL_ENABLE_DEBUG_INFO = NO;
				MTL_FAST_MATH = YES;
				SDKROOT = iphoneos;
				SWIFT_COMPILATION_MODE = wholemodule;
				SWIFT_OPTIMIZATION_LEVEL = "-O";
				VALIDATE_PRODUCT = YES;
			};
			name = Release;
		};
		DEA5A4892A75083200ED89BD /* Debug */ = {
			isa = XCBuildConfiguration;
			buildSettings = {
				ASSETCATALOG_COMPILER_APPICON_NAME = AppIcon;
				ASSETCATALOG_COMPILER_GLOBAL_ACCENT_COLOR_NAME = AccentColor;
				CODE_SIGN_STYLE = Automatic;
				CURRENT_PROJECT_VERSION = 1;
				DEVELOPMENT_TEAM = R5RPU2QP33;
				GENERATE_INFOPLIST_FILE = YES;
				INFOPLIST_FILE = TableViewPtactice0728/Info.plist;
				INFOPLIST_KEY_UIApplicationSupportsIndirectInputEvents = YES;
				INFOPLIST_KEY_UILaunchStoryboardName = LaunchScreen;
				INFOPLIST_KEY_UIMainStoryboardFile = Main;
				INFOPLIST_KEY_UISupportedInterfaceOrientations = UIInterfaceOrientationPortrait;
				INFOPLIST_KEY_UISupportedInterfaceOrientations_iPad = "UIInterfaceOrientationLandscapeLeft UIInterfaceOrientationLandscapeRight UIInterfaceOrientationPortrait UIInterfaceOrientationPortraitUpsideDown";
				IPHONEOS_DEPLOYMENT_TARGET = 16.0;
				LD_RUNPATH_SEARCH_PATHS = (
					"$(inherited)",
					"@executable_path/Frameworks",
				);
				MARKETING_VERSION = 1.0;
				PRODUCT_BUNDLE_IDENTIFIER = unicus.fortis.TableViewPtactice0728;
				PRODUCT_NAME = "$(TARGET_NAME)";
				SUPPORTED_PLATFORMS = "iphoneos iphonesimulator";
				SUPPORTS_MACCATALYST = NO;
				SUPPORTS_MAC_DESIGNED_FOR_IPHONE_IPAD = NO;
				SWIFT_EMIT_LOC_STRINGS = YES;
				SWIFT_VERSION = 5.0;
				TARGETED_DEVICE_FAMILY = 1;
			};
			name = Debug;
		};
		DEA5A48A2A75083200ED89BD /* Release */ = {
			isa = XCBuildConfiguration;
			buildSettings = {
				ASSETCATALOG_COMPILER_APPICON_NAME = AppIcon;
				ASSETCATALOG_COMPILER_GLOBAL_ACCENT_COLOR_NAME = AccentColor;
				CODE_SIGN_STYLE = Automatic;
				CURRENT_PROJECT_VERSION = 1;
				DEVELOPMENT_TEAM = R5RPU2QP33;
				GENERATE_INFOPLIST_FILE = YES;
				INFOPLIST_FILE = TableViewPtactice0728/Info.plist;
				INFOPLIST_KEY_UIApplicationSupportsIndirectInputEvents = YES;
				INFOPLIST_KEY_UILaunchStoryboardName = LaunchScreen;
				INFOPLIST_KEY_UIMainStoryboardFile = Main;
				INFOPLIST_KEY_UISupportedInterfaceOrientations = UIInterfaceOrientationPortrait;
				INFOPLIST_KEY_UISupportedInterfaceOrientations_iPad = "UIInterfaceOrientationLandscapeLeft UIInterfaceOrientationLandscapeRight UIInterfaceOrientationPortrait UIInterfaceOrientationPortraitUpsideDown";
				IPHONEOS_DEPLOYMENT_TARGET = 16.0;
				LD_RUNPATH_SEARCH_PATHS = (
					"$(inherited)",
					"@executable_path/Frameworks",
				);
				MARKETING_VERSION = 1.0;
				PRODUCT_BUNDLE_IDENTIFIER = unicus.fortis.TableViewPtactice0728;
				PRODUCT_NAME = "$(TARGET_NAME)";
				SUPPORTED_PLATFORMS = "iphoneos iphonesimulator";
				SUPPORTS_MACCATALYST = NO;
				SUPPORTS_MAC_DESIGNED_FOR_IPHONE_IPAD = NO;
				SWIFT_EMIT_LOC_STRINGS = YES;
				SWIFT_VERSION = 5.0;
				TARGETED_DEVICE_FAMILY = 1;
			};
			name = Release;
		};
/* End XCBuildConfiguration section */

/* Begin XCConfigurationList section */
		DEA5A46F2A75083200ED89BD /* Build configuration list for PBXProject "TableViewPtactice0728" */ = {
			isa = XCConfigurationList;
			buildConfigurations = (
				DEA5A4862A75083200ED89BD /* Debug */,
				DEA5A4872A75083200ED89BD /* Release */,
			);
			defaultConfigurationIsVisible = 0;
			defaultConfigurationName = Release;
		};
		DEA5A4882A75083200ED89BD /* Build configuration list for PBXNativeTarget "TableViewPtactice0728" */ = {
			isa = XCConfigurationList;
			buildConfigurations = (
				DEA5A4892A75083200ED89BD /* Debug */,
				DEA5A48A2A75083200ED89BD /* Release */,
			);
			defaultConfigurationIsVisible = 0;
			defaultConfigurationName = Release;
		};
/* End XCConfigurationList section */
	};
	rootObject = DEA5A46C2A75083200ED89BD /* Project object */;
}
